{
  "requires": true,
  "lockfileVersion": 1,
  "dependencies": {
    "json-stable-stringify": {
      "version": "1.0.1",
      "resolved": "https://registry.npmjs.org/json-stable-stringify/-/json-stable-stringify-1.0.1.tgz",
      "integrity": "sha1-mnWdOcXy/1A/1TAGRu1EX4jE+a8=",
      "requires": {
        "jsonify": "~0.0.0"
      }
    },
    "jsonify": {
      "version": "0.0.0",
      "resolved": "https://registry.npmjs.org/jsonify/-/jsonify-0.0.0.tgz",
      "integrity": "sha1-LHS27kHZPKUbe1qu6PUDYx0lKnM="
    },
    "nodejs-license-file": {
      "version": "4.0.0",
      "resolved": "https://registry.npmjs.org/nodejs-license-file/-/nodejs-license-file-4.0.0.tgz",
      "integrity": "sha512-6XuzzYbGguDypRbpiFYa3attJIpe9Jyw69dTyBW4JWCv6cpjfeCvUwZ//mfrrSDlEHnMx9Rp1hfI59YmgY475w==",
      "requires": {
        "json-stable-stringify": "1.0.1"
      }
    }
  }
}
