{
  "name": "mytestapi",
  "version": "1.0.0",
  "lockfileVersion": 1,
  "requires": true,
  "dependencies": {
    "clone": {
      "version": "1.0.4",
      "resolved": "https://registry.npmjs.org/clone/-/clone-1.0.4.tgz",
      "integrity": "sha1-2jCcwmPfFZlMaIypAheco8fNfH4="
    },
    "defaults": {
      "version": "1.0.3",
      "resolved": "https://registry.npmjs.org/defaults/-/defaults-1.0.3.tgz",
      "integrity": "sha1-xlYFHpgX2f8I7YgUd/P+QBnz730=",
      "requires": {
        "clone": "1.0.4"
      }
    },
    "express-rate-limit": {
      "version": "2.11.0",
      "resolved": "https://registry.npmjs.org/express-rate-limit/-/express-rate-limit-2.11.0.tgz",
      "integrity": "sha512-KMZayDxj3Wr7zYuwTuDZj5hMW0nhnyJVBVCwMEVKwMdW6CkYh4vnfnUbRJYhKC0v6UuIbPerwKY0dqWmEzFjKA==",
      "requires": {
        "defaults": "1.0.3"
      }
    }
  }
}
